
Microsoft Visual Studio Solution File, Format Version 12.00
# Visual Studio Version 17
VisualStudioVersion = 17.3.32901.215
MinimumVisualStudioVersion = 10.0.40219.1
Project("{FAE04EC0-301F-11D3-BF4B-00C04F79EFBC}") = "birim-adet-ornek", "birim-adet-ornek\birim-adet-ornek.csproj", "{1C909AC0-0B5C-4742-A332-BD3E27B5C433}"
EndProject
Global
	GlobalSection(SolutionConfigurationPlatforms) = preSolution
		Debug|Any CPU = Debug|Any CPU
		Release|Any CPU = Release|Any CPU
	EndGlobalSection
	GlobalSection(ProjectConfigurationPlatforms) = postSolution
		{1C909AC0-0B5C-4742-A332-BD3E27B5C433}.Debug|Any CPU.ActiveCfg = Debug|Any CPU
		{1C909AC0-0B5C-4742-A332-BD3E27B5C433}.Debug|Any CPU.Build.0 = Debug|Any CPU
		{1C909AC0-0B5C-4742-A332-BD3E27B5C433}.Release|Any CPU.ActiveCfg = Release|Any CPU
		{1C909AC0-0B5C-4742-A332-BD3E27B5C433}.Release|Any CPU.Build.0 = Release|Any CPU
	EndGlobalSection
	GlobalSection(SolutionProperties) = preSolution
		HideSolutionNode = FALSE
	EndGlobalSection
	GlobalSection(ExtensibilityGlobals) = postSolution
		SolutionGuid = {B6EEFDC5-84FF-4CD2-BC8A-CEF4C6E9BC17}
	EndGlobalSection
EndGlobal
